lockfileVersion: '6.0'

settings:
  autoInstallPeers: true
  excludeLinksFromLockfile: false

dependencies:
  '@element-plus/icons-vue':
    specifier: ^2.3.1
    version: 2.3.1(vue@3.4.25)
  axios:
    specifier: ^1.6.8
    version: 1.6.8
  echarts:
    specifier: ^5.5.0
    version: 5.5.0
  echarts-gl:
    specifier: ^2.0.9
    version: 2.0.9(echarts@5.5.0)
  element-plus:
    specifier: ^2.7.1
    version: 2.7.1(vue@3.4.25)
  pinia:
    specifier: ^2.1.7
    version: 2.1.7(vue@3.4.25)
  pinia-persistedstate-plugin:
    specifier: ^0.1.0
    version: 0.1.0(vue@3.4.25)
  vue:
    specifier: ^3.4.21
    version: 3.4.25
  vue-echarts:
    specifier: ^6.7.2
    version: 6.7.2(echarts@5.5.0)(vue@3.4.25)
  vue-router:
    specifier: ^4.3.2
    version: 4.3.2(vue@3.4.25)

devDependencies:
  '@vitejs/plugin-vue':
    specifier: ^5.0.4
    version: 5.0.4(vite@5.2.10)(vue@3.4.25)
  vite:
    specifier: ^5.2.8
    version: 5.2.10

packages:

  /@babel/helper-string-parser@7.24.1:
    resolution: {integrity: sha512-2ofRCjnnA9y+wk8b9IAREroeUP02KHp431N2mhKniy2yKIDKpbrHv9eXwm8cBeWQYcJmzv5qKCu65P47eCF7CQ==}
    engines: {node: '>=6.9.0'}

  /@babel/helper-validator-identifier@7.22.20:
    resolution: {integrity: sha512-Y4OZ+ytlatR8AI+8KZfKuL5urKp7qey08ha31L8b3BwewJAoJamTzyvxPR/5D+KkdJCGPq/+8TukHBlY10FX9A==}
    engines: {node: '>=6.9.0'}

  /@babel/parser@7.24.4:
    resolution: {integrity: sha512-zTvEBcghmeBma9QIGunWevvBAp4/Qu9Bdq+2k0Ot4fVMD6v3dsC9WOcRSKk7tRRyBM/53yKMJko9xOatGQAwSg==}
    engines: {node: '>=6.0.0'}
    hasBin: true
    dependencies:
      '@babel/types': 7.24.0

  /@babel/types@7.24.0:
    resolution: {integrity: sha512-+j7a5c253RfKh8iABBhywc8NSfP5LURe7Uh4qpsh6jc+aLJguvmIUBdjSdEMQv2bENrCR5MfRdjGo7vzS/ob7w==}
    engines: {node: '>=6.9.0'}
    dependencies:
      '@babel/helper-string-parser': 7.24.1
      '@babel/helper-validator-identifier': 7.22.20
      to-fast-properties: 2.0.0

  /@ctrl/tinycolor@3.6.1:
    resolution: {integrity: sha512-SITSV6aIXsuVNV3f3O0f2n/cgyEDWoSqtZMYiAmcsYHydcKrOz3gUxB/iXd/Qf08+IZX4KpgNbvUdMBmWz+kcA==}
    engines: {node: '>=10'}
    dev: false

  /@element-plus/icons-vue@2.3.1(vue@3.4.25):
    resolution: {integrity: sha512-XxVUZv48RZAd87ucGS48jPf6pKu0yV5UCg9f4FFwtrYxXOwWuVJo6wOvSLKEoMQKjv8GsX/mhP6UsC1lRwbUWg==}
    peerDependencies:
      vue: ^3.2.0
    dependencies:
      vue: 3.4.25
    dev: false

  /@esbuild/aix-ppc64@0.20.2:
    resolution: {integrity: sha512-D+EBOJHXdNZcLJRBkhENNG8Wji2kgc9AZ9KiPr1JuZjsNtyHzrsfLRrY0tk2H2aoFu6RANO1y1iPPUCDYWkb5g==, tarball: https://registry.npmmirror.com/@esbuild/aix-ppc64/-/aix-ppc64-0.20.2.tgz}
    engines: {node: '>=12'}
    cpu: [ppc64]
    os: [aix]
    requiresBuild: true
    dev: true
    optional: true

  /@esbuild/android-arm64@0.20.2:
    resolution: {integrity: sha512-mRzjLacRtl/tWU0SvD8lUEwb61yP9cqQo6noDZP/O8VkwafSYwZ4yWy24kan8jE/IMERpYncRt2dw438LP3Xmg==, tarball: https://registry.npmmirror.com/@esbuild/android-arm64/-/android-arm64-0.20.2.tgz}
    engines: {node: '>=12'}
    cpu: [arm64]
    os: [android]
    requiresBuild: true
    dev: true
    optional: true

  /@esbuild/android-arm@0.20.2:
    resolution: {integrity: sha512-t98Ra6pw2VaDhqNWO2Oph2LXbz/EJcnLmKLGBJwEwXX/JAN83Fym1rU8l0JUWK6HkIbWONCSSatf4sf2NBRx/w==, tarball: https://registry.npmmirror.com/@esbuild/android-arm/-/android-arm-0.20.2.tgz}
    engines: {node: '>=12'}
    cpu: [arm]
    os: [android]
    requiresBuild: true
    dev: true
    optional: true

  /@esbuild/android-x64@0.20.2:
    resolution: {integrity: sha512-btzExgV+/lMGDDa194CcUQm53ncxzeBrWJcncOBxuC6ndBkKxnHdFJn86mCIgTELsooUmwUm9FkhSp5HYu00Rg==, tarball: https://registry.npmmirror.com/@esbuild/android-x64/-/android-x64-0.20.2.tgz}
    engines: {node: '>=12'}
    cpu: [x64]
    os: [android]
    requiresBuild: true
    dev: true
    optional: true

  /@esbuild/darwin-arm64@0.20.2:
    resolution: {integrity: sha512-4J6IRT+10J3aJH3l1yzEg9y3wkTDgDk7TSDFX+wKFiWjqWp/iCfLIYzGyasx9l0SAFPT1HwSCR+0w/h1ES/MjA==, tarball: https://registry.npmmirror.com/@esbuild/darwin-arm64/-/darwin-arm64-0.20.2.tgz}
    engines: {node: '>=12'}
    cpu: [arm64]
    os: [darwin]
    requiresBuild: true
    dev: true
    optional: true

  /@esbuild/darwin-x64@0.20.2:
    resolution: {integrity: sha512-tBcXp9KNphnNH0dfhv8KYkZhjc+H3XBkF5DKtswJblV7KlT9EI2+jeA8DgBjp908WEuYll6pF+UStUCfEpdysA==, tarball: https://registry.npmmirror.com/@esbuild/darwin-x64/-/darwin-x64-0.20.2.tgz}
    engines: {node: '>=12'}
    cpu: [x64]
    os: [darwin]
    requiresBuild: true
    dev: true
    optional: true

  /@esbuild/freebsd-arm64@0.20.2:
    resolution: {integrity: sha512-d3qI41G4SuLiCGCFGUrKsSeTXyWG6yem1KcGZVS+3FYlYhtNoNgYrWcvkOoaqMhwXSMrZRl69ArHsGJ9mYdbbw==, tarball: https://registry.npmmirror.com/@esbuild/freebsd-arm64/-/freebsd-arm64-0.20.2.tgz}
    engines: {node: '>=12'}
    cpu: [arm64]
    os: [freebsd]
    requiresBuild: true
    dev: true
    optional: true

  /@esbuild/freebsd-x64@0.20.2:
    resolution: {integrity: sha512-d+DipyvHRuqEeM5zDivKV1KuXn9WeRX6vqSqIDgwIfPQtwMP4jaDsQsDncjTDDsExT4lR/91OLjRo8bmC1e+Cw==, tarball: https://registry.npmmirror.com/@esbuild/freebsd-x64/-/freebsd-x64-0.20.2.tgz}
    engines: {node: '>=12'}
    cpu: [x64]
    os: [freebsd]
    requiresBuild: true
    dev: true
    optional: true

  /@esbuild/linux-arm64@0.20.2:
    resolution: {integrity: sha512-9pb6rBjGvTFNira2FLIWqDk/uaf42sSyLE8j1rnUpuzsODBq7FvpwHYZxQ/It/8b+QOS1RYfqgGFNLRI+qlq2A==, tarball: https://registry.npmmirror.com/@esbuild/linux-arm64/-/linux-arm64-0.20.2.tgz}
    engines: {node: '>=12'}
    cpu: [arm64]
    os: [linux]
    requiresBuild: true
    dev: true
    optional: true

  /@esbuild/linux-arm@0.20.2:
    resolution: {integrity: sha512-VhLPeR8HTMPccbuWWcEUD1Az68TqaTYyj6nfE4QByZIQEQVWBB8vup8PpR7y1QHL3CpcF6xd5WVBU/+SBEvGTg==, tarball: https://registry.npmmirror.com/@esbuild/linux-arm/-/linux-arm-0.20.2.tgz}
    engines: {node: '>=12'}
    cpu: [arm]
    os: [linux]
    requiresBuild: true
    dev: true
    optional: true

  /@esbuild/linux-ia32@0.20.2:
    resolution: {integrity: sha512-o10utieEkNPFDZFQm9CoP7Tvb33UutoJqg3qKf1PWVeeJhJw0Q347PxMvBgVVFgouYLGIhFYG0UGdBumROyiig==, tarball: https://registry.npmmirror.com/@esbuild/linux-ia32/-/linux-ia32-0.20.2.tgz}
    engines: {node: '>=12'}
    cpu: [ia32]
    os: [linux]
    requiresBuild: true
    dev: true
    optional: true

  /@esbuild/linux-loong64@0.20.2:
    resolution: {integrity: sha512-PR7sp6R/UC4CFVomVINKJ80pMFlfDfMQMYynX7t1tNTeivQ6XdX5r2XovMmha/VjR1YN/HgHWsVcTRIMkymrgQ==, tarball: https://registry.npmmirror.com/@esbuild/linux-loong64/-/linux-loong64-0.20.2.tgz}
    engines: {node: '>=12'}
    cpu: [loong64]
    os: [linux]
    requiresBuild: true
    dev: true
    optional: true

  /@esbuild/linux-mips64el@0.20.2:
    resolution: {integrity: sha512-4BlTqeutE/KnOiTG5Y6Sb/Hw6hsBOZapOVF6njAESHInhlQAghVVZL1ZpIctBOoTFbQyGW+LsVYZ8lSSB3wkjA==, tarball: https://registry.npmmirror.com/@esbuild/linux-mips64el/-/linux-mips64el-0.20.2.tgz}
    engines: {node: '>=12'}
    cpu: [mips64el]
    os: [linux]
    requiresBuild: true
    dev: true
    optional: true

  /@esbuild/linux-ppc64@0.20.2:
    resolution: {integrity: sha512-rD3KsaDprDcfajSKdn25ooz5J5/fWBylaaXkuotBDGnMnDP1Uv5DLAN/45qfnf3JDYyJv/ytGHQaziHUdyzaAg==, tarball: https://registry.npmmirror.com/@esbuild/linux-ppc64/-/linux-ppc64-0.20.2.tgz}
    engines: {node: '>=12'}
    cpu: [ppc64]
    os: [linux]
    requiresBuild: true
    dev: true
    optional: true

  /@esbuild/linux-riscv64@0.20.2:
    resolution: {integrity: sha512-snwmBKacKmwTMmhLlz/3aH1Q9T8v45bKYGE3j26TsaOVtjIag4wLfWSiZykXzXuE1kbCE+zJRmwp+ZbIHinnVg==, tarball: https://registry.npmmirror.com/@esbuild/linux-riscv64/-/linux-riscv64-0.20.2.tgz}
    engines: {node: '>=12'}
    cpu: [riscv64]
    os: [linux]
    requiresBuild: true
    dev: true
    optional: true

  /@esbuild/linux-s390x@0.20.2:
    resolution: {integrity: sha512-wcWISOobRWNm3cezm5HOZcYz1sKoHLd8VL1dl309DiixxVFoFe/o8HnwuIwn6sXre88Nwj+VwZUvJf4AFxkyrQ==, tarball: https://registry.npmmirror.com/@esbuild/linux-s390x/-/linux-s390x-0.20.2.tgz}
    engines: {node: '>=12'}
    cpu: [s390x]
    os: [linux]
    requiresBuild: true
    dev: true
    optional: true

  /@esbuild/linux-x64@0.20.2:
    resolution: {integrity: sha512-1MdwI6OOTsfQfek8sLwgyjOXAu+wKhLEoaOLTjbijk6E2WONYpH9ZU2mNtR+lZ2B4uwr+usqGuVfFT9tMtGvGw==, tarball: https://registry.npmmirror.com/@esbuild/linux-x64/-/linux-x64-0.20.2.tgz}
    engines: {node: '>=12'}
    cpu: [x64]
    os: [linux]
    requiresBuild: true
    dev: true
    optional: true

  /@esbuild/netbsd-x64@0.20.2:
    resolution: {integrity: sha512-K8/DhBxcVQkzYc43yJXDSyjlFeHQJBiowJ0uVL6Tor3jGQfSGHNNJcWxNbOI8v5k82prYqzPuwkzHt3J1T1iZQ==, tarball: https://registry.npmmirror.com/@esbuild/netbsd-x64/-/netbsd-x64-0.20.2.tgz}
    engines: {node: '>=12'}
    cpu: [x64]
    os: [netbsd]
    requiresBuild: true
    dev: true
    optional: true

  /@esbuild/openbsd-x64@0.20.2:
    resolution: {integrity: sha512-eMpKlV0SThJmmJgiVyN9jTPJ2VBPquf6Kt/nAoo6DgHAoN57K15ZghiHaMvqjCye/uU4X5u3YSMgVBI1h3vKrQ==, tarball: https://registry.npmmirror.com/@esbuild/openbsd-x64/-/openbsd-x64-0.20.2.tgz}
    engines: {node: '>=12'}
    cpu: [x64]
    os: [openbsd]
    requiresBuild: true
    dev: true
    optional: true

  /@esbuild/sunos-x64@0.20.2:
    resolution: {integrity: sha512-2UyFtRC6cXLyejf/YEld4Hajo7UHILetzE1vsRcGL3earZEW77JxrFjH4Ez2qaTiEfMgAXxfAZCm1fvM/G/o8w==, tarball: https://registry.npmmirror.com/@esbuild/sunos-x64/-/sunos-x64-0.20.2.tgz}
    engines: {node: '>=12'}
    cpu: [x64]
    os: [sunos]
    requiresBuild: true
    dev: true
    optional: true

  /@esbuild/win32-arm64@0.20.2:
    resolution: {integrity: sha512-GRibxoawM9ZCnDxnP3usoUDO9vUkpAxIIZ6GQI+IlVmr5kP3zUq+l17xELTHMWTWzjxa2guPNyrpq1GWmPvcGQ==, tarball: https://registry.npmmirror.com/@esbuild/win32-arm64/-/win32-arm64-0.20.2.tgz}
    engines: {node: '>=12'}
    cpu: [arm64]
    os: [win32]
    requiresBuild: true
    dev: true
    optional: true

  /@esbuild/win32-ia32@0.20.2:
    resolution: {integrity: sha512-HfLOfn9YWmkSKRQqovpnITazdtquEW8/SoHW7pWpuEeguaZI4QnCRW6b+oZTztdBnZOS2hqJ6im/D5cPzBTTlQ==, tarball: https://registry.npmmirror.com/@esbuild/win32-ia32/-/win32-ia32-0.20.2.tgz}
    engines: {node: '>=12'}
    cpu: [ia32]
    os: [win32]
    requiresBuild: true
    dev: true
    optional: true

  /@esbuild/win32-x64@0.20.2:
    resolution: {integrity: sha512-N49X4lJX27+l9jbLKSqZ6bKNjzQvHaT8IIFUy+YIqmXQdjYCToGWwOItDrfby14c78aDd5NHQl29xingXfCdLQ==, tarball: https://registry.npmmirror.com/@esbuild/win32-x64/-/win32-x64-0.20.2.tgz}
    engines: {node: '>=12'}
    cpu: [x64]
    os: [win32]
    requiresBuild: true
    dev: true
    optional: true

  /@floating-ui/core@1.6.0:
    resolution: {integrity: sha512-PcF++MykgmTj3CIyOQbKA/hDzOAiqI3mhuoN44WRCopIs1sgoDoU4oty4Jtqaj/y3oDU6fnVSm4QG0a3t5i0+g==}
    dependencies:
      '@floating-ui/utils': 0.2.1
    dev: false

  /@floating-ui/dom@1.6.3:
    resolution: {integrity: sha512-RnDthu3mzPlQ31Ss/BTwQ1zjzIhr3lk1gZB1OC56h/1vEtaXkESrOqL5fQVMfXpwGtRwX+YsZBdyHtJMQnkArw==}
    dependencies:
      '@floating-ui/core': 1.6.0
      '@floating-ui/utils': 0.2.1
    dev: false

  /@floating-ui/utils@0.2.1:
    resolution: {integrity: sha512-9TANp6GPoMtYzQdt54kfAyMmz1+osLlXdg2ENroU7zzrtflTLrrC/lgrIfaSe+Wu0b89GKccT7vxXA0MoAIO+Q==}
    dev: false

  /@jridgewell/sourcemap-codec@1.4.15:
    resolution: {integrity: sha512-eF2rxCRulEKXHTRiDrDy6erMYWqNw4LPdQ8UQA4huuxaQsVeRPFl2oM8oDGxMFhJUWZf9McpLtJasDDZb/Bpeg==}

  /@rollup/rollup-android-arm-eabi@4.16.4:
    resolution: {integrity: sha512-GkhjAaQ8oUTOKE4g4gsZ0u8K/IHU1+2WQSgS1TwTcYvL+sjbaQjNHFXbOJ6kgqGHIO1DfUhI/Sphi9GkRT9K+Q==, tarball: https://registry.npmmirror.com/@rollup/rollup-android-arm-eabi/-/rollup-android-arm-eabi-4.16.4.tgz}
    cpu: [arm]
    os: [android]
    requiresBuild: true
    dev: true
    optional: true

  /@rollup/rollup-android-arm64@4.16.4:
    resolution: {integrity: sha512-Bvm6D+NPbGMQOcxvS1zUl8H7DWlywSXsphAeOnVeiZLQ+0J6Is8T7SrjGTH29KtYkiY9vld8ZnpV3G2EPbom+w==, tarball: https://registry.npmmirror.com/@rollup/rollup-android-arm64/-/rollup-android-arm64-4.16.4.tgz}
    cpu: [arm64]
    os: [android]
    requiresBuild: true
    dev: true
    optional: true

  /@rollup/rollup-darwin-arm64@4.16.4:
    resolution: {integrity: sha512-i5d64MlnYBO9EkCOGe5vPR/EeDwjnKOGGdd7zKFhU5y8haKhQZTN2DgVtpODDMxUr4t2K90wTUJg7ilgND6bXw==, tarball: https://registry.npmmirror.com/@rollup/rollup-darwin-arm64/-/rollup-darwin-arm64-4.16.4.tgz}
    cpu: [arm64]
    os: [darwin]
    requiresBuild: true
    dev: true
    optional: true

  /@rollup/rollup-darwin-x64@4.16.4:
    resolution: {integrity: sha512-WZupV1+CdUYehaZqjaFTClJI72fjJEgTXdf4NbW69I9XyvdmztUExBtcI2yIIU6hJtYvtwS6pkTkHJz+k08mAQ==, tarball: https://registry.npmmirror.com/@rollup/rollup-darwin-x64/-/rollup-darwin-x64-4.16.4.tgz}
    cpu: [x64]
    os: [darwin]
    requiresBuild: true
    dev: true
    optional: true

  /@rollup/rollup-linux-arm-gnueabihf@4.16.4:
    resolution: {integrity: sha512-ADm/xt86JUnmAfA9mBqFcRp//RVRt1ohGOYF6yL+IFCYqOBNwy5lbEK05xTsEoJq+/tJzg8ICUtS82WinJRuIw==, tarball: https://registry.npmmirror.com/@rollup/rollup-linux-arm-gnueabihf/-/rollup-linux-arm-gnueabihf-4.16.4.tgz}
    cpu: [arm]
    os: [linux]
    libc: [glibc]
    requiresBuild: true
    dev: true
    optional: true

  /@rollup/rollup-linux-arm-musleabihf@4.16.4:
    resolution: {integrity: sha512-tJfJaXPiFAG+Jn3cutp7mCs1ePltuAgRqdDZrzb1aeE3TktWWJ+g7xK9SNlaSUFw6IU4QgOxAY4rA+wZUT5Wfg==, tarball: https://registry.npmmirror.com/@rollup/rollup-linux-arm-musleabihf/-/rollup-linux-arm-musleabihf-4.16.4.tgz}
    cpu: [arm]
    os: [linux]
    libc: [musl]
    requiresBuild: true
    dev: true
    optional: true

  /@rollup/rollup-linux-arm64-gnu@4.16.4:
    resolution: {integrity: sha512-7dy1BzQkgYlUTapDTvK997cgi0Orh5Iu7JlZVBy1MBURk7/HSbHkzRnXZa19ozy+wwD8/SlpJnOOckuNZtJR9w==, tarball: https://registry.npmmirror.com/@rollup/rollup-linux-arm64-gnu/-/rollup-linux-arm64-gnu-4.16.4.tgz}
    cpu: [arm64]
    os: [linux]
    libc: [glibc]
    requiresBuild: true
    dev: true
    optional: true

  /@rollup/rollup-linux-arm64-musl@4.16.4:
    resolution: {integrity: sha512-zsFwdUw5XLD1gQe0aoU2HVceI6NEW7q7m05wA46eUAyrkeNYExObfRFQcvA6zw8lfRc5BHtan3tBpo+kqEOxmg==, tarball: https://registry.npmmirror.com/@rollup/rollup-linux-arm64-musl/-/rollup-linux-arm64-musl-4.16.4.tgz}
    cpu: [arm64]
    os: [linux]
    libc: [musl]
    requiresBuild: true
    dev: true
    optional: true

  /@rollup/rollup-linux-powerpc64le-gnu@4.16.4:
    resolution: {integrity: sha512-p8C3NnxXooRdNrdv6dBmRTddEapfESEUflpICDNKXpHvTjRRq1J82CbU5G3XfebIZyI3B0s074JHMWD36qOW6w==, tarball: https://registry.npmmirror.com/@rollup/rollup-linux-powerpc64le-gnu/-/rollup-linux-powerpc64le-gnu-4.16.4.tgz}
    cpu: [ppc64]
    os: [linux]
    libc: [glibc]
    requiresBuild: true
    dev: true
    optional: true

  /@rollup/rollup-linux-riscv64-gnu@4.16.4:
    resolution: {integrity: sha512-Lh/8ckoar4s4Id2foY7jNgitTOUQczwMWNYi+Mjt0eQ9LKhr6sK477REqQkmy8YHY3Ca3A2JJVdXnfb3Rrwkng==, tarball: https://registry.npmmirror.com/@rollup/rollup-linux-riscv64-gnu/-/rollup-linux-riscv64-gnu-4.16.4.tgz}
    cpu: [riscv64]
    os: [linux]
    libc: [glibc]
    requiresBuild: true
    dev: true
    optional: true

  /@rollup/rollup-linux-s390x-gnu@4.16.4:
    resolution: {integrity: sha512-1xwwn9ZCQYuqGmulGsTZoKrrn0z2fAur2ujE60QgyDpHmBbXbxLaQiEvzJWDrscRq43c8DnuHx3QorhMTZgisQ==, tarball: https://registry.npmmirror.com/@rollup/rollup-linux-s390x-gnu/-/rollup-linux-s390x-gnu-4.16.4.tgz}
    cpu: [s390x]
    os: [linux]
    libc: [glibc]
    requiresBuild: true
    dev: true
    optional: true

  /@rollup/rollup-linux-x64-gnu@4.16.4:
    resolution: {integrity: sha512-LuOGGKAJ7dfRtxVnO1i3qWc6N9sh0Em/8aZ3CezixSTM+E9Oq3OvTsvC4sm6wWjzpsIlOCnZjdluINKESflJLA==, tarball: https://registry.npmmirror.com/@rollup/rollup-linux-x64-gnu/-/rollup-linux-x64-gnu-4.16.4.tgz}
    cpu: [x64]
    os: [linux]
    libc: [glibc]
    requiresBuild: true
    dev: true
    optional: true

  /@rollup/rollup-linux-x64-musl@4.16.4:
    resolution: {integrity: sha512-ch86i7KkJKkLybDP2AtySFTRi5fM3KXp0PnHocHuJMdZwu7BuyIKi35BE9guMlmTpwwBTB3ljHj9IQXnTCD0vA==, tarball: https://registry.npmmirror.com/@rollup/rollup-linux-x64-musl/-/rollup-linux-x64-musl-4.16.4.tgz}
    cpu: [x64]
    os: [linux]
    libc: [musl]
    requiresBuild: true
    dev: true
    optional: true

  /@rollup/rollup-win32-arm64-msvc@4.16.4:
    resolution: {integrity: sha512-Ma4PwyLfOWZWayfEsNQzTDBVW8PZ6TUUN1uFTBQbF2Chv/+sjenE86lpiEwj2FiviSmSZ4Ap4MaAfl1ciF4aSA==, tarball: https://registry.npmmirror.com/@rollup/rollup-win32-arm64-msvc/-/rollup-win32-arm64-msvc-4.16.4.tgz}
    cpu: [arm64]
    os: [win32]
    requiresBuild: true
    dev: true
    optional: true

  /@rollup/rollup-win32-ia32-msvc@4.16.4:
    resolution: {integrity: sha512-9m/ZDrQsdo/c06uOlP3W9G2ENRVzgzbSXmXHT4hwVaDQhYcRpi9bgBT0FTG9OhESxwK0WjQxYOSfv40cU+T69w==, tarball: https://registry.npmmirror.com/@rollup/rollup-win32-ia32-msvc/-/rollup-win32-ia32-msvc-4.16.4.tgz}
    cpu: [ia32]
    os: [win32]
    requiresBuild: true
    dev: true
    optional: true

  /@rollup/rollup-win32-x64-msvc@4.16.4:
    resolution: {integrity: sha512-YunpoOAyGLDseanENHmbFvQSfVL5BxW3k7hhy0eN4rb3gS/ct75dVD0EXOWIqFT/nE8XYW6LP6vz6ctKRi0k9A==, tarball: https://registry.npmmirror.com/@rollup/rollup-win32-x64-msvc/-/rollup-win32-x64-msvc-4.16.4.tgz}
    cpu: [x64]
    os: [win32]
    requiresBuild: true
    dev: true
    optional: true

  /@sxzz/popperjs-es@2.11.7:
    resolution: {integrity: sha512-Ccy0NlLkzr0Ex2FKvh2X+OyERHXJ88XJ1MXtsI9y9fGexlaXaVTPzBCRBwIxFkORuOb+uBqeu+RqnpgYTEZRUQ==, tarball: https://registry.npmmirror.com/@sxzz/popperjs-es/-/popperjs-es-2.11.7.tgz}
    dev: false

  /@types/estree@1.0.5:
    resolution: {integrity: sha512-/kYRxGDLWzHOB7q+wtSUQlFrtcdUccpfy+X+9iMBpHK8QLLhx2wIPYuS5DYtR9Wa/YlZAbIovy7qVdB1Aq6Lyw==}
    dev: true

  /@types/js-cookie@3.0.6:
    resolution: {integrity: sha512-wkw9yd1kEXOPnvEeEV1Go1MmxtBJL0RR79aOTAApecWFVu7w0NNXNqhcWgvw2YgZDYadliXkl14pa3WXw5jlCQ==}
    dev: false

  /@types/lodash-es@4.17.12:
    resolution: {integrity: sha512-0NgftHUcV4v34VhXm8QBSftKVXtbkBG3ViCjs6+eJ5a6y6Mi/jiFGPc1sC7QK+9BFhWrURE3EOggmWaSxL9OzQ==}
    dependencies:
      '@types/lodash': 4.17.0
    dev: false

  /@types/lodash@4.17.0:
    resolution: {integrity: sha512-t7dhREVv6dbNj0q17X12j7yDG4bD/DHYX7o5/DbDxobP0HnGPgpRz2Ej77aL7TZT3DSw13fqUTj8J4mMnqa7WA==}
    dev: false

  /@types/web-bluetooth@0.0.16:
    resolution: {integrity: sha512-oh8q2Zc32S6gd/j50GowEjKLoOVOwHP/bWVjKJInBwQqdOYMdPrf1oVlelTlyfFK3CKxL1uahMDAr+vy8T7yMQ==}
    dev: false

  /@vitejs/plugin-vue@5.0.4(vite@5.2.10)(vue@3.4.25):
    resolution: {integrity: sha512-WS3hevEszI6CEVEx28F8RjTX97k3KsrcY6kvTg7+Whm5y3oYvcqzVeGCU3hxSAn4uY2CLCkeokkGKpoctccilQ==}
    engines: {node: ^18.0.0 || >=20.0.0}
    peerDependencies:
      vite: ^5.0.0
      vue: ^3.2.25
    dependencies:
      vite: 5.2.10
      vue: 3.4.25
    dev: true

  /@vue/compiler-core@3.4.25:
    resolution: {integrity: sha512-Y2pLLopaElgWnMNolgG8w3C5nNUVev80L7hdQ5iIKPtMJvhVpG0zhnBG/g3UajJmZdvW0fktyZTotEHD1Srhbg==}
    dependencies:
      '@babel/parser': 7.24.4
      '@vue/shared': 3.4.25
      entities: 4.5.0
      estree-walker: 2.0.2
      source-map-js: 1.2.0

  /@vue/compiler-dom@3.4.25:
    resolution: {integrity: sha512-Ugz5DusW57+HjllAugLci19NsDK+VyjGvmbB2TXaTcSlQxwL++2PETHx/+Qv6qFwNLzSt7HKepPe4DcTE3pBWg==}
    dependencies:
      '@vue/compiler-core': 3.4.25
      '@vue/shared': 3.4.25

  /@vue/compiler-sfc@3.4.25:
    resolution: {integrity: sha512-m7rryuqzIoQpOBZ18wKyq05IwL6qEpZxFZfRxlNYuIPDqywrXQxgUwLXIvoU72gs6cRdY6wHD0WVZIFE4OEaAQ==}
    dependencies:
      '@babel/parser': 7.24.4
      '@vue/compiler-core': 3.4.25
      '@vue/compiler-dom': 3.4.25
      '@vue/compiler-ssr': 3.4.25
      '@vue/shared': 3.4.25
      estree-walker: 2.0.2
      magic-string: 0.30.10
      postcss: 8.4.38
      source-map-js: 1.2.0

  /@vue/compiler-ssr@3.4.25:
    resolution: {integrity: sha512-H2ohvM/Pf6LelGxDBnfbbXFPyM4NE3hrw0e/EpwuSiYu8c819wx+SVGdJ65p/sFrYDd6OnSDxN1MB2mN07hRSQ==}
    dependencies:
      '@vue/compiler-dom': 3.4.25
      '@vue/shared': 3.4.25

  /@vue/devtools-api@6.6.1:
    resolution: {integrity: sha512-LgPscpE3Vs0x96PzSSB4IGVSZXZBZHpfxs+ZA1d+VEPwHdOXowy/Y2CsvCAIFrf+ssVU1pD1jidj505EpUnfbA==}
    dev: false

  /@vue/reactivity@3.4.25:
    resolution: {integrity: sha512-mKbEtKr1iTxZkAG3vm3BtKHAOhuI4zzsVcN0epDldU/THsrvfXRKzq+lZnjczZGnTdh3ojd86/WrP+u9M51pWQ==}
    dependencies:
      '@vue/shared': 3.4.25

  /@vue/runtime-core@3.4.25:
    resolution: {integrity: sha512-3qhsTqbEh8BMH3pXf009epCI5E7bKu28fJLi9O6W+ZGt/6xgSfMuGPqa5HRbUxLoehTNp5uWvzCr60KuiRIL0Q==}
    dependencies:
      '@vue/reactivity': 3.4.25
      '@vue/shared': 3.4.25

  /@vue/runtime-dom@3.4.25:
    resolution: {integrity: sha512-ode0sj77kuwXwSc+2Yhk8JMHZh1sZp9F/51wdBiz3KGaWltbKtdihlJFhQG4H6AY+A06zzeMLkq6qu8uDSsaoA==}
    dependencies:
      '@vue/runtime-core': 3.4.25
      '@vue/shared': 3.4.25
      csstype: 3.1.3

  /@vue/server-renderer@3.4.25(vue@3.4.25):
    resolution: {integrity: sha512-8VTwq0Zcu3K4dWV0jOwIVINESE/gha3ifYCOKEhxOj6MEl5K5y8J8clQncTcDhKF+9U765nRw4UdUEXvrGhyVQ==}
    peerDependencies:
      vue: 3.4.25
    dependencies:
      '@vue/compiler-ssr': 3.4.25
      '@vue/shared': 3.4.25
      vue: 3.4.25

  /@vue/shared@3.4.25:
    resolution: {integrity: sha512-k0yappJ77g2+KNrIaF0FFnzwLvUBLUYr8VOwz+/6vLsmItFp51AcxLL7Ey3iPd7BIRyWPOcqUjMnm7OkahXllA==}

  /@vueuse/core@9.13.0(vue@3.4.25):
    resolution: {integrity: sha512-pujnclbeHWxxPRqXWmdkKV5OX4Wk4YeK7wusHqRwU0Q7EFusHoqNA/aPhB6KCh9hEqJkLAJo7bb0Lh9b+OIVzw==}
    dependencies:
      '@types/web-bluetooth': 0.0.16
      '@vueuse/metadata': 9.13.0
      '@vueuse/shared': 9.13.0(vue@3.4.25)
      vue-demi: 0.14.7(vue@3.4.25)
    transitivePeerDependencies:
      - '@vue/composition-api'
      - vue
    dev: false

  /@vueuse/metadata@9.13.0:
    resolution: {integrity: sha512-gdU7TKNAUVlXXLbaF+ZCfte8BjRJQWPCa2J55+7/h+yDtzw3vOoGQDRXzI6pyKyo6bXFT5/QoPE4hAknExjRLQ==}
    dev: false

  /@vueuse/shared@9.13.0(vue@3.4.25):
    resolution: {integrity: sha512-UrnhU+Cnufu4S6JLCPZnkWh0WwZGUp72ktOF2DFptMlOs3TOdVv8xJN53zhHGARmVOsz5KqOls09+J1NR6sBKw==}
    dependencies:
      vue-demi: 0.14.7(vue@3.4.25)
    transitivePeerDependencies:
      - '@vue/composition-api'
      - vue
    dev: false

  /async-validator@4.2.5:
    resolution: {integrity: sha512-7HhHjtERjqlNbZtqNqy2rckN/SpOOlmDliet+lP7k+eKZEjPk3DgyeU9lIXLdeLz0uBbbVp+9Qdow9wJWgwwfg==}
    dev: false

  /asynckit@0.4.0:
    resolution: {integrity: sha512-Oei9OH4tRh0YqU3GxhX79dM/mwVgvbZJaSNaRk+bshkj0S5cfHcgYakreBjrHwatXKbz+IoIdYLxrKim2MjW0Q==}
    dev: false

  /axios@1.6.8:
    resolution: {integrity: sha512-v/ZHtJDU39mDpyBoFVkETcd/uNdxrWRrg3bKpOKzXFA6Bvqopts6ALSMU3y6ijYxbw2B+wPrIv46egTzJXCLGQ==}
    dependencies:
      follow-redirects: 1.15.6
      form-data: 4.0.0
      proxy-from-env: 1.1.0
    transitivePeerDependencies:
      - debug
    dev: false

  /claygl@1.3.0:
    resolution: {integrity: sha512-+gGtJjT6SSHD2l2yC3MCubW/sCV40tZuSs5opdtn79vFSGUgp/lH139RNEQ6Jy078/L0aV8odCw8RSrUcMfLaQ==, tarball: https://registry.npmmirror.com/claygl/-/claygl-1.3.0.tgz}
    dev: false

  /combined-stream@1.0.8:
    resolution: {integrity: sha512-FQN4MRfuJeHf7cBbBMJFXhKSDq+2kAArBlmRBvcvFE5BB1HZKXtSFASDhdlz9zOYwxh8lDdnvmMOe/+5cdoEdg==}
    engines: {node: '>= 0.8'}
    dependencies:
      delayed-stream: 1.0.0
    dev: false

  /csstype@3.1.3:
    resolution: {integrity: sha512-M1uQkMl8rQK/szD0LNhtqxIPLpimGm8sOBwU7lLnCpSbTyY3yeU1Vc7l4KT5zT4s/yOxHH5O7tIuuLOCnLADRw==}

  /dayjs@1.11.10:
    resolution: {integrity: sha512-vjAczensTgRcqDERK0SR2XMwsF/tSvnvlv6VcF2GIhg6Sx4yOIt/irsr1RDJsKiIyBzJDpCoXiWWq28MqH2cnQ==}
    dev: false

  /delayed-stream@1.0.0:
    resolution: {integrity: sha512-ZySD7Nf91aLB0RxL4KGrKHBXl7Eds1DAmEdcoVawXnLD7SDhpNgtuII2aAkg7a7QS41jxPSZ17p4VdGnMHk3MQ==}
    engines: {node: '>=0.4.0'}
    dev: false

  /echarts-gl@2.0.9(echarts@5.5.0):
    resolution: {integrity: sha512-oKeMdkkkpJGWOzjgZUsF41DOh6cMsyrGGXimbjK2l6Xeq/dBQu4ShG2w2Dzrs/1bD27b2pLTGSaUzouY191gzA==, tarball: https://registry.npmmirror.com/echarts-gl/-/echarts-gl-2.0.9.tgz}
    peerDependencies:
      echarts: ^5.1.2
    dependencies:
      claygl: 1.3.0
      echarts: 5.5.0
      zrender: 5.5.0
    dev: false

  /echarts@5.5.0:
    resolution: {integrity: sha512-rNYnNCzqDAPCr4m/fqyUFv7fD9qIsd50S6GDFgO1DxZhncCsNsG7IfUlAlvZe5oSEQxtsjnHiUuppzccry93Xw==, tarball: https://registry.npmmirror.com/echarts/-/echarts-5.5.0.tgz}
    dependencies:
      tslib: 2.3.0
      zrender: 5.5.0
    dev: false

  /element-plus@2.7.1(vue@3.4.25):
    resolution: {integrity: sha512-yk/vXFwJp0flMrd2kfcR0XlumhwtPjB19HJvwcf0n3DvRE7UK8LeSK14LVghSzk0TzPsFFElweMnZEEv7+MYuQ==}
    peerDependencies:
      vue: ^3.2.0
    dependencies:
      '@ctrl/tinycolor': 3.6.1
      '@element-plus/icons-vue': 2.3.1(vue@3.4.25)
      '@floating-ui/dom': 1.6.3
      '@popperjs/core': /@sxzz/popperjs-es@2.11.7
      '@types/lodash': 4.17.0
      '@types/lodash-es': 4.17.12
      '@vueuse/core': 9.13.0(vue@3.4.25)
      async-validator: 4.2.5
      dayjs: 1.11.10
      escape-html: 1.0.3
      lodash: 4.17.21
      lodash-es: 4.17.21
      lodash-unified: 1.0.3(@types/lodash-es@4.17.12)(lodash-es@4.17.21)(lodash@4.17.21)
      memoize-one: 6.0.0
      normalize-wheel-es: 1.2.0
      vue: 3.4.25
    transitivePeerDependencies:
      - '@vue/composition-api'
    dev: false

  /entities@4.5.0:
    resolution: {integrity: sha512-V0hjH4dGPh9Ao5p0MoRY6BVqtwCjhz6vI5LT8AJ55H+4g9/4vbHx1I54fS0XuclLhDHArPQCiMjDxjaL8fPxhw==}
    engines: {node: '>=0.12'}

  /esbuild@0.20.2:
    resolution: {integrity: sha512-WdOOppmUNU+IbZ0PaDiTst80zjnrOkyJNHoKupIcVyU8Lvla3Ugx94VzkQ32Ijqd7UhHJy75gNWDMUekcrSJ6g==}
    engines: {node: '>=12'}
    hasBin: true
    requiresBuild: true
    optionalDependencies:
      '@esbuild/aix-ppc64': 0.20.2
      '@esbuild/android-arm': 0.20.2
      '@esbuild/android-arm64': 0.20.2
      '@esbuild/android-x64': 0.20.2
      '@esbuild/darwin-arm64': 0.20.2
      '@esbuild/darwin-x64': 0.20.2
      '@esbuild/freebsd-arm64': 0.20.2
      '@esbuild/freebsd-x64': 0.20.2
      '@esbuild/linux-arm': 0.20.2
      '@esbuild/linux-arm64': 0.20.2
      '@esbuild/linux-ia32': 0.20.2
      '@esbuild/linux-loong64': 0.20.2
      '@esbuild/linux-mips64el': 0.20.2
      '@esbuild/linux-ppc64': 0.20.2
      '@esbuild/linux-riscv64': 0.20.2
      '@esbuild/linux-s390x': 0.20.2
      '@esbuild/linux-x64': 0.20.2
      '@esbuild/netbsd-x64': 0.20.2
      '@esbuild/openbsd-x64': 0.20.2
      '@esbuild/sunos-x64': 0.20.2
      '@esbuild/win32-arm64': 0.20.2
      '@esbuild/win32-ia32': 0.20.2
      '@esbuild/win32-x64': 0.20.2
    dev: true

  /escape-html@1.0.3:
    resolution: {integrity: sha512-NiSupZ4OeuGwr68lGIeym/ksIZMJodUGOSCZ/FSnTxcrekbvqrgdUxlJOMpijaKZVjAJrWrGs/6Jy8OMuyj9ow==}
    dev: false

  /estree-walker@2.0.2:
    resolution: {integrity: sha512-Rfkk/Mp/DL7JVje3u18FxFujQlTNR2q6QfMSMB7AvCBx91NGj/ba3kCfza0f6dVDbw7YlRf/nDrn7pQrCCyQ/w==}

  /follow-redirects@1.15.6:
    resolution: {integrity: sha512-wWN62YITEaOpSK584EZXJafH1AGpO8RVgElfkuXbTOrPX4fIfOyEpW/CsiNd8JdYrAoOvafRTOEnvsO++qCqFA==}
    engines: {node: '>=4.0'}
    peerDependencies:
      debug: '*'
    peerDependenciesMeta:
      debug:
        optional: true
    dev: false

  /form-data@4.0.0:
    resolution: {integrity: sha512-ETEklSGi5t0QMZuiXoA/Q6vcnxcLQP5vdugSpuAyi6SVGi2clPPp+xgEhuMaHC+zGgn31Kd235W35f7Hykkaww==}
    engines: {node: '>= 6'}
    dependencies:
      asynckit: 0.4.0
      combined-stream: 1.0.8
      mime-types: 2.1.35
    dev: false

  /fsevents@2.3.3:
    resolution: {integrity: sha512-5xoDfX+fL7faATnagmWPpbFtwh/R77WmMMqqHGS65C3vvB0YHrgF+B1YmZ3441tMj5n63k0212XNoJwzlhffQw==, tarball: https://registry.npmmirror.com/fsevents/-/fsevents-2.3.3.tgz}
    engines: {node: ^8.16.0 || ^10.6.0 || >=11.0.0}
    os: [darwin]
    requiresBuild: true
    dev: true
    optional: true

  /lodash-es@4.17.21:
    resolution: {integrity: sha512-mKnC+QJ9pWVzv+C4/U3rRsHapFfHvQFoFB92e52xeyGMcX6/OlIl78je1u8vePzYZSkkogMPJ2yjxxsb89cxyw==}
    dev: false

  /lodash-unified@1.0.3(@types/lodash-es@4.17.12)(lodash-es@4.17.21)(lodash@4.17.21):
    resolution: {integrity: sha512-WK9qSozxXOD7ZJQlpSqOT+om2ZfcT4yO+03FuzAHD0wF6S0l0090LRPDx3vhTTLZ8cFKpBn+IOcVXK6qOcIlfQ==}
    peerDependencies:
      '@types/lodash-es': '*'
      lodash: '*'
      lodash-es: '*'
    dependencies:
      '@types/lodash-es': 4.17.12
      lodash: 4.17.21
      lodash-es: 4.17.21
    dev: false

  /lodash@4.17.21:
    resolution: {integrity: sha512-v2kDEe57lecTulaDIuNTPy3Ry4gLGJ6Z1O3vE1krgXZNrsQ+LFTGHVxVjcXPs17LhbZVGedAJv8XZ1tvj5FvSg==}
    dev: false

  /magic-string@0.30.10:
    resolution: {integrity: sha512-iIRwTIf0QKV3UAnYK4PU8uiEc4SRh5jX0mwpIwETPpHdhVM4f53RSwS/vXvN1JhGX+Cs7B8qIq3d6AH49O5fAQ==}
    dependencies:
      '@jridgewell/sourcemap-codec': 1.4.15

  /memoize-one@6.0.0:
    resolution: {integrity: sha512-rkpe71W0N0c0Xz6QD0eJETuWAJGnJ9afsl1srmwPrI+yBCkge5EycXXbYRyvL29zZVUWQCY7InPRCv3GDXuZNw==}
    dev: false

  /mime-db@1.52.0:
    resolution: {integrity: sha512-sPU4uV7dYlvtWJxwwxHD0PuihVNiE7TyAbQ5SWxDCB9mUYvOgroQOwYQQOKPJ8CIbE+1ETVlOoK1UC2nU3gYvg==}
    engines: {node: '>= 0.6'}
    dev: false

  /mime-types@2.1.35:
    resolution: {integrity: sha512-ZDY+bPm5zTTF+YpCrAU9nK0UgICYPT0QtT1NZWFv4s++TNkcgVaT0g6+4R2uI4MjQjzysHB1zxuWL50hzaeXiw==}
    engines: {node: '>= 0.6'}
    dependencies:
      mime-db: 1.52.0
    dev: false

  /nanoid@3.3.7:
    resolution: {integrity: sha512-eSRppjcPIatRIMC1U6UngP8XFcz8MQWGQdt1MTBQ7NaAmvXDfvNxbvWV3x2y6CdEUciCSsDHDQZbhYaB8QEo2g==}
    engines: {node: ^10 || ^12 || ^13.7 || ^14 || >=15.0.1}
    hasBin: true

  /normalize-wheel-es@1.2.0:
    resolution: {integrity: sha512-Wj7+EJQ8mSuXr2iWfnujrimU35R2W4FAErEyTmJoJ7ucwTn2hOUSsRehMb5RSYkxXGTM7Y9QpvPmp++w5ftoJw==}
    dev: false

  /picocolors@1.0.0:
    resolution: {integrity: sha512-1fygroTLlHu66zi26VoTDv8yRgm0Fccecssto+MhsZ0D/DGW2sm8E8AjW7NU5VVTRt5GxbeZ5qBuJr+HyLYkjQ==}

  /pinia-persistedstate-plugin@0.1.0(vue@3.4.25):
    resolution: {integrity: sha512-ToKR/EJzhhXElQ5YL8PVVY4CqLJjywxszAJjOCgprjmIVkTrPBsEOY4b/ATOzHQc1TtuaJs/3MJuoCpA3pv8Ew==}
    dependencies:
      '@types/js-cookie': 3.0.6
      pinia: 2.1.7(vue@3.4.25)
    transitivePeerDependencies:
      - '@vue/composition-api'
      - typescript
      - vue
    dev: false

  /pinia@2.1.7(vue@3.4.25):
    resolution: {integrity: sha512-+C2AHFtcFqjPih0zpYuvof37SFxMQ7OEG2zV9jRI12i9BOy3YQVAHwdKtyyc8pDcDyIc33WCIsZaCFWU7WWxGQ==}
    peerDependencies:
      '@vue/composition-api': ^1.4.0
      typescript: '>=4.4.4'
      vue: ^2.6.14 || ^3.3.0
    peerDependenciesMeta:
      '@vue/composition-api':
        optional: true
      typescript:
        optional: true
    dependencies:
      '@vue/devtools-api': 6.6.1
      vue: 3.4.25
      vue-demi: 0.14.7(vue@3.4.25)
    dev: false

  /postcss@8.4.38:
    resolution: {integrity: sha512-Wglpdk03BSfXkHoQa3b/oulrotAkwrlLDRSOb9D0bN86FdRyE9lppSp33aHNPgBa0JKCoB+drFLZkQoRRYae5A==}
    engines: {node: ^10 || ^12 || >=14}
    dependencies:
      nanoid: 3.3.7
      picocolors: 1.0.0
      source-map-js: 1.2.0

  /proxy-from-env@1.1.0:
    resolution: {integrity: sha512-D+zkORCbA9f1tdWRK0RaCR3GPv50cMxcrz4X8k5LTSUD1Dkw47mKJEZQNunItRTkWwgtaUSo1RVFRIG9ZXiFYg==}
    dev: false

  /resize-detector@0.3.0:
    resolution: {integrity: sha512-R/tCuvuOHQ8o2boRP6vgx8hXCCy87H1eY9V5imBYeVNyNVpuL9ciReSccLj2gDcax9+2weXy3bc8Vv+NRXeEvQ==, tarball: https://registry.npmmirror.com/resize-detector/-/resize-detector-0.3.0.tgz}
    dev: false

  /rollup@4.16.4:
    resolution: {integrity: sha512-kuaTJSUbz+Wsb2ATGvEknkI12XV40vIiHmLuFlejoo7HtDok/O5eDDD0UpCVY5bBX5U5RYo8wWP83H7ZsqVEnA==}
    engines: {node: '>=18.0.0', npm: '>=8.0.0'}
    hasBin: true
    dependencies:
      '@types/estree': 1.0.5
    optionalDependencies:
      '@rollup/rollup-android-arm-eabi': 4.16.4
      '@rollup/rollup-android-arm64': 4.16.4
      '@rollup/rollup-darwin-arm64': 4.16.4
      '@rollup/rollup-darwin-x64': 4.16.4
      '@rollup/rollup-linux-arm-gnueabihf': 4.16.4
      '@rollup/rollup-linux-arm-musleabihf': 4.16.4
      '@rollup/rollup-linux-arm64-gnu': 4.16.4
      '@rollup/rollup-linux-arm64-musl': 4.16.4
      '@rollup/rollup-linux-powerpc64le-gnu': 4.16.4
      '@rollup/rollup-linux-riscv64-gnu': 4.16.4
      '@rollup/rollup-linux-s390x-gnu': 4.16.4
      '@rollup/rollup-linux-x64-gnu': 4.16.4
      '@rollup/rollup-linux-x64-musl': 4.16.4
      '@rollup/rollup-win32-arm64-msvc': 4.16.4
      '@rollup/rollup-win32-ia32-msvc': 4.16.4
      '@rollup/rollup-win32-x64-msvc': 4.16.4
      fsevents: 2.3.3
    dev: true

  /source-map-js@1.2.0:
    resolution: {integrity: sha512-itJW8lvSA0TXEphiRoawsCksnlf8SyvmFzIhltqAHluXd88pkCd+cXJVHTDwdCr0IzwptSm035IHQktUu1QUMg==}
    engines: {node: '>=0.10.0'}

  /to-fast-properties@2.0.0:
    resolution: {integrity: sha512-/OaKK0xYrs3DmxRYqL/yDc+FxFUVYhDlXMhRmv3z915w2HF1tnN1omB354j8VUGO/hbRzyD6Y3sA7v7GS/ceog==}
    engines: {node: '>=4'}

  /tslib@2.3.0:
    resolution: {integrity: sha512-N82ooyxVNm6h1riLCoyS9e3fuJ3AMG2zIZs2Gd1ATcSFjSA23Q0fzjjZeh0jbJvWVDZ0cJT8yaNNaaXHzueNjg==, tarball: https://registry.npmmirror.com/tslib/-/tslib-2.3.0.tgz}
    dev: false

  /vite@5.2.10:
    resolution: {integrity: sha512-PAzgUZbP7msvQvqdSD+ErD5qGnSFiGOoWmV5yAKUEI0kdhjbH6nMWVyZQC/hSc4aXwc0oJ9aEdIiF9Oje0JFCw==}
    engines: {node: ^18.0.0 || >=20.0.0}
    hasBin: true
    peerDependencies:
      '@types/node': ^18.0.0 || >=20.0.0
      less: '*'
      lightningcss: ^1.21.0
      sass: '*'
      stylus: '*'
      sugarss: '*'
      terser: ^5.4.0
    peerDependenciesMeta:
      '@types/node':
        optional: true
      less:
        optional: true
      lightningcss:
        optional: true
      sass:
        optional: true
      stylus:
        optional: true
      sugarss:
        optional: true
      terser:
        optional: true
    dependencies:
      esbuild: 0.20.2
      postcss: 8.4.38
      rollup: 4.16.4
    optionalDependencies:
      fsevents: 2.3.3
    dev: true

  /vue-demi@0.13.11(vue@3.4.25):
    resolution: {integrity: sha512-IR8HoEEGM65YY3ZJYAjMlKygDQn25D5ajNFNoKh9RSDMQtlzCxtfQjdQgv9jjK+m3377SsJXY8ysq8kLCZL25A==, tarball: https://registry.npmmirror.com/vue-demi/-/vue-demi-0.13.11.tgz}
    engines: {node: '>=12'}
    hasBin: true
    requiresBuild: true
    peerDependencies:
      '@vue/composition-api': ^1.0.0-rc.1
      vue: ^3.0.0-0 || ^2.6.0
    peerDependenciesMeta:
      '@vue/composition-api':
        optional: true
    dependencies:
      vue: 3.4.25
    dev: false

  /vue-demi@0.14.7(vue@3.4.25):
    resolution: {integrity: sha512-EOG8KXDQNwkJILkx/gPcoL/7vH+hORoBaKgGe+6W7VFMvCYJfmF2dGbvgDroVnI8LU7/kTu8mbjRZGBU1z9NTA==}
    engines: {node: '>=12'}
    hasBin: true
    requiresBuild: true
    peerDependencies:
      '@vue/composition-api': ^1.0.0-rc.1
      vue: ^3.0.0-0 || ^2.6.0
    peerDependenciesMeta:
      '@vue/composition-api':
        optional: true
    dependencies:
      vue: 3.4.25
    dev: false

  /vue-echarts@6.7.2(echarts@5.5.0)(vue@3.4.25):
    resolution: {integrity: sha512-SG8Vmszhx24KjtySsk361DogZLRkPCyLhgoyh7iN1eH3WGJ0kyl3k0g4QiSJqK0+F1Ej0HDopq4A5OGcBlAwzw==, tarball: https://registry.npmmirror.com/vue-echarts/-/vue-echarts-6.7.2.tgz}
    requiresBuild: true
    peerDependencies:
      '@vue/composition-api': ^1.0.5
      '@vue/runtime-core': ^3.0.0
      echarts: ^5.4.1
      vue: ^2.6.12 || ^3.1.1
    peerDependenciesMeta:
      '@vue/composition-api':
        optional: true
      '@vue/runtime-core':
        optional: true
    dependencies:
      echarts: 5.5.0
      resize-detector: 0.3.0
      vue: 3.4.25
      vue-demi: 0.13.11(vue@3.4.25)
    dev: false

  /vue-router@4.3.2(vue@3.4.25):
    resolution: {integrity: sha512-hKQJ1vDAZ5LVkKEnHhmm1f9pMiWIBNGF5AwU67PdH7TyXCj/a4hTccuUuYCAMgJK6rO/NVYtQIEN3yL8CECa7Q==}
    peerDependencies:
      vue: ^3.2.0
    dependencies:
      '@vue/devtools-api': 6.6.1
      vue: 3.4.25
    dev: false

  /vue@3.4.25:
    resolution: {integrity: sha512-HWyDqoBHMgav/OKiYA2ZQg+kjfMgLt/T0vg4cbIF7JbXAjDexRf5JRg+PWAfrAkSmTd2I8aPSXtooBFWHB98cg==}
    peerDependencies:
      typescript: '*'
    peerDependenciesMeta:
      typescript:
        optional: true
    dependencies:
      '@vue/compiler-dom': 3.4.25
      '@vue/compiler-sfc': 3.4.25
      '@vue/runtime-dom': 3.4.25
      '@vue/server-renderer': 3.4.25(vue@3.4.25)
      '@vue/shared': 3.4.25

  /zrender@5.5.0:
    resolution: {integrity: sha512-O3MilSi/9mwoovx77m6ROZM7sXShR/O/JIanvzTwjN3FORfLSr81PsUGd7jlaYOeds9d8tw82oP44+3YucVo+w==, tarball: https://registry.npmmirror.com/zrender/-/zrender-5.5.0.tgz}
    dependencies:
      tslib: 2.3.0
    dev: false
